{
  "name": "postgraphql_forum_demo_run",
  "version": "1.0.0",
  "lockfileVersion": 1,
  "requires": true,
  "dependencies": {
    "postgraphql_forum_demo": {
      "version": "github:jmarca/forum_demo#29e4ca88e6ae95da3c8d9776f6ef27356aef2087",
      "requires": {
        "postgraphql_roles": "github:jmarca/postgraphql_demo_roles#b0dc6ee3f89d3174f8990102e8c71ab490c8480d"
      }
    },
    "postgraphql_roles": {
      "version": "github:jmarca/postgraphql_demo_roles#b0dc6ee3f89d3174f8990102e8c71ab490c8480d"
    }
  }
}
